
Microsoft Visual Studio Solution File, Format Version 12.00
# Visual Studio Version 16
VisualStudioVersion = 16.0.31112.23
MinimumVisualStudioVersion = 10.0.40219.1
Project("{FAE04EC0-301F-11D3-BF4B-00C04F79EFBC}") = "complete", "complete\complete.csproj", "{3F1AEB48-1E86-4E00-AA61-23AC3BDB5DDB}"
EndProject
Global
	GlobalSection(SolutionConfigurationPlatforms) = preSolution
		Debug|Any CPU = Debug|Any CPU
		Release|Any CPU = Release|Any CPU
	EndGlobalSection
	GlobalSection(ProjectConfigurationPlatforms) = postSolution
		{3F1AEB48-1E86-4E00-AA61-23AC3BDB5DDB}.Debug|Any CPU.ActiveCfg = Debug|Any CPU
		{3F1AEB48-1E86-4E00-AA61-23AC3BDB5DDB}.Debug|Any CPU.Build.0 = Debug|Any CPU
		{3F1AEB48-1E86-4E00-AA61-23AC3BDB5DDB}.Release|Any CPU.ActiveCfg = Release|Any CPU
		{3F1AEB48-1E86-4E00-AA61-23AC3BDB5DDB}.Release|Any CPU.Build.0 = Release|Any CPU
	EndGlobalSection
	GlobalSection(SolutionProperties) = preSolution
		HideSolutionNode = FALSE
	EndGlobalSection
	GlobalSection(ExtensibilityGlobals) = postSolution
		SolutionGuid = {29B85EC0-6852-43EA-9FEE-5C1D6661EB2E}
	EndGlobalSection
EndGlobal
